
Microsoft Visual Studio Solution File, Format Version 12.00
# Visual Studio Version 16
VisualStudioVersion = 16.0.29411.108
MinimumVisualStudioVersion = 10.0.40219.1
Project("{2150E333-8FDC-42A3-9474-1A3956D46DE8}") = "src", "src", "{D2D33C85-F5F8-4258-AEFA-511014A8E94A}"
EndProject
Project("{2150E333-8FDC-42A3-9474-1A3956D46DE8}") = "Solution Items", "Solution Items", "{BBAF7F5C-F6DE-466B-9342-A268696F97B5}"
	ProjectSection(SolutionItems) = preProject
		README.md = README.md
	EndProjectSection
EndProject
Project("{2150E333-8FDC-42A3-9474-1A3956D46DE8}") = "sample", "sample", "{CA9E52BA-B4B3-4736-80F0-075C5087CA01}"
EndProject
Project("{9A19103F-16F7-4668-BE54-9A1E7A4F7556}") = "Liyanjie.JsonQL.Tester", "src\Liyanjie.JsonQL.Tester\Liyanjie.JsonQL.Tester.csproj", "{D9F73C7A-BBAE-47A5-9CB5-ABE674405806}"
EndProject
Project("{9A19103F-16F7-4668-BE54-9A1E7A4F7556}") = "Liyanjie.JsonQL.DynamicEvaluation", "src\Liyanjie.JsonQL.DynamicEvaluation\Liyanjie.JsonQL.DynamicEvaluation.csproj", "{7D44F9A2-FFBF-489D-9E74-4C7BE66741E0}"
EndProject
Project("{9A19103F-16F7-4668-BE54-9A1E7A4F7556}") = "Liyanjie.JsonQL.DynamicLinq", "src\Liyanjie.JsonQL.DynamicLinq\Liyanjie.JsonQL.DynamicLinq.csproj", "{9576E6D3-980B-4403-ACC7-FB9F92746E23}"
EndProject
Project("{9A19103F-16F7-4668-BE54-9A1E7A4F7556}") = "Liyanjie.JsonQL.Tester.AspNet", "src\Liyanjie.JsonQL.Tester.AspNet\Liyanjie.JsonQL.Tester.AspNet.csproj", "{B4FBFF2E-CF84-498E-A4C9-D2EF0AF70114}"
EndProject
Project("{9A19103F-16F7-4668-BE54-9A1E7A4F7556}") = "Liyanjie.JsonQL.AspNet", "src\Liyanjie.JsonQL.AspNet\Liyanjie.JsonQL.AspNet.csproj", "{73829113-A1F5-42C6-AFF6-CB1A03E92184}"
EndProject
Project("{9A19103F-16F7-4668-BE54-9A1E7A4F7556}") = "Liyanjie.JsonQL.Tester.AspNetCore", "src\Liyanjie.JsonQL.Tester.AspNetCore\Liyanjie.JsonQL.Tester.AspNetCore.csproj", "{BDC964FD-C591-4B26-A20A-E3319C10AEA5}"
EndProject
Project("{9A19103F-16F7-4668-BE54-9A1E7A4F7556}") = "Liyanjie.JsonQL.AspNetCore", "src\Liyanjie.JsonQL.AspNetCore\Liyanjie.JsonQL.AspNetCore.csproj", "{451824AA-CCB7-4064-8189-6202C909DFAD}"
EndProject
Project("{9A19103F-16F7-4668-BE54-9A1E7A4F7556}") = "Liyanjie.JsonQL.DynamicInclude.EFCore", "src\Liyanjie.JsonQL.DynamicInclude.EFCore\Liyanjie.JsonQL.DynamicInclude.EFCore.csproj", "{FA2438D7-09F3-4A37-80A4-3CDFE770930A}"
EndProject
Project("{9A19103F-16F7-4668-BE54-9A1E7A4F7556}") = "Liyanjie.JsonQL.DynamicInclude.EF", "src\Liyanjie.JsonQL.DynamicInclude.EF\Liyanjie.JsonQL.DynamicInclude.EF.csproj", "{E4CA1127-E9CD-4FD6-89A9-EE720CA675A5}"
EndProject
Project("{9A19103F-16F7-4668-BE54-9A1E7A4F7556}") = "Liyanjie.JsonQL", "src\Liyanjie.JsonQL\Liyanjie.JsonQL.csproj", "{3793B73B-D856-4C36-B088-5480FDDE1397}"
EndProject
Project("{FAE04EC0-301F-11D3-BF4B-00C04F79EFBC}") = "Liyanjie.JsonQL.Sample.AspNet", "sample\Liyanjie.JsonQL.Sample.AspNet\Liyanjie.JsonQL.Sample.AspNet.csproj", "{CCD5CD77-A6F0-4ABE-9B83-08F76B6BA654}"
EndProject
Project("{9A19103F-16F7-4668-BE54-9A1E7A4F7556}") = "Liyanjie.JsonQL.Sample.AspNetCore_2_1", "sample\Liyanjie.JsonQL.Sample.AspNetCore_2_1\Liyanjie.JsonQL.Sample.AspNetCore_2_1.csproj", "{BB3CA59F-3184-42F3-A33E-23E402412755}"
EndProject
Project("{9A19103F-16F7-4668-BE54-9A1E7A4F7556}") = "Liyanjie.JsonQL.Sample.AspNetCore_3_0", "sample\Liyanjie.JsonQL.Sample.AspNetCore_3_0\Liyanjie.JsonQL.Sample.AspNetCore_3_0.csproj", "{B3CF8C2E-2232-4F1F-BDF2-9F069E772915}"
EndProject
Project("{2150E333-8FDC-42A3-9474-1A3956D46DE8}") = "test", "test", "{96DB71E7-F2BC-4EDB-BF37-5061B9EBD4B3}"
EndProject
Project("{FAE04EC0-301F-11D3-BF4B-00C04F79EFBC}") = "ConsoleApp_2_0", "test\ConsoleApp_2_0\ConsoleApp_2_0.csproj", "{5499632C-E6AD-48B5-88C7-0D22845C8173}"
EndProject
Project("{9A19103F-16F7-4668-BE54-9A1E7A4F7556}") = "Liyanjie.JsonQL.Schema", "src\Liyanjie.JsonQL.Schema\Liyanjie.JsonQL.Schema.csproj", "{1E6683CD-1772-4208-BE58-E7CA2670140B}"
EndProject
Global
	GlobalSection(SolutionConfigurationPlatforms) = preSolution
		Debug|Any CPU = Debug|Any CPU
		Release|Any CPU = Release|Any CPU
	EndGlobalSection
	GlobalSection(ProjectConfigurationPlatforms) = postSolution
		{D9F73C7A-BBAE-47A5-9CB5-ABE674405806}.Debug|Any CPU.ActiveCfg = Debug|Any CPU
		{D9F73C7A-BBAE-47A5-9CB5-ABE674405806}.Debug|Any CPU.Build.0 = Debug|Any CPU
		{D9F73C7A-BBAE-47A5-9CB5-ABE674405806}.Release|Any CPU.ActiveCfg = Release|Any CPU
		{D9F73C7A-BBAE-47A5-9CB5-ABE674405806}.Release|Any CPU.Build.0 = Release|Any CPU
		{7D44F9A2-FFBF-489D-9E74-4C7BE66741E0}.Debug|Any CPU.ActiveCfg = Debug|Any CPU
		{7D44F9A2-FFBF-489D-9E74-4C7BE66741E0}.Debug|Any CPU.Build.0 = Debug|Any CPU
		{7D44F9A2-FFBF-489D-9E74-4C7BE66741E0}.Release|Any CPU.ActiveCfg = Release|Any CPU
		{7D44F9A2-FFBF-489D-9E74-4C7BE66741E0}.Release|Any CPU.Build.0 = Release|Any CPU
		{9576E6D3-980B-4403-ACC7-FB9F92746E23}.Debug|Any CPU.ActiveCfg = Debug|Any CPU
		{9576E6D3-980B-4403-ACC7-FB9F92746E23}.Debug|Any CPU.Build.0 = Debug|Any CPU
		{9576E6D3-980B-4403-ACC7-FB9F92746E23}.Release|Any CPU.ActiveCfg = Release|Any CPU
		{9576E6D3-980B-4403-ACC7-FB9F92746E23}.Release|Any CPU.Build.0 = Release|Any CPU
		{B4FBFF2E-CF84-498E-A4C9-D2EF0AF70114}.Debug|Any CPU.ActiveCfg = Debug|Any CPU
		{B4FBFF2E-CF84-498E-A4C9-D2EF0AF70114}.Debug|Any CPU.Build.0 = Debug|Any CPU
		{B4FBFF2E-CF84-498E-A4C9-D2EF0AF70114}.Release|Any CPU.ActiveCfg = Release|Any CPU
		{B4FBFF2E-CF84-498E-A4C9-D2EF0AF70114}.Release|Any CPU.Build.0 = Release|Any CPU
		{73829113-A1F5-42C6-AFF6-CB1A03E92184}.Debug|Any CPU.ActiveCfg = Debug|Any CPU
		{73829113-A1F5-42C6-AFF6-CB1A03E92184}.Debug|Any CPU.Build.0 = Debug|Any CPU
		{73829113-A1F5-42C6-AFF6-CB1A03E92184}.Release|Any CPU.ActiveCfg = Release|Any CPU
		{73829113-A1F5-42C6-AFF6-CB1A03E92184}.Release|Any CPU.Build.0 = Release|Any CPU
		{BDC964FD-C591-4B26-A20A-E3319C10AEA5}.Debug|Any CPU.ActiveCfg = Debug|Any CPU
		{BDC964FD-C591-4B26-A20A-E3319C10AEA5}.Debug|Any CPU.Build.0 = Debug|Any CPU
		{BDC964FD-C591-4B26-A20A-E3319C10AEA5}.Release|Any CPU.ActiveCfg = Release|Any CPU
		{BDC964FD-C591-4B26-A20A-E3319C10AEA5}.Release|Any CPU.Build.0 = Release|Any CPU
		{451824AA-CCB7-4064-8189-6202C909DFAD}.Debug|Any CPU.ActiveCfg = Debug|Any CPU
		{451824AA-CCB7-4064-8189-6202C909DFAD}.Debug|Any CPU.Build.0 = Debug|Any CPU
		{451824AA-CCB7-4064-8189-6202C909DFAD}.Release|Any CPU.ActiveCfg = Release|Any CPU
		{451824AA-CCB7-4064-8189-6202C909DFAD}.Release|Any CPU.Build.0 = Release|Any CPU
		{FA2438D7-09F3-4A37-80A4-3CDFE770930A}.Debug|Any CPU.ActiveCfg = Debug|Any CPU
		{FA2438D7-09F3-4A37-80A4-3CDFE770930A}.Debug|Any CPU.Build.0 = Debug|Any CPU
		{FA2438D7-09F3-4A37-80A4-3CDFE770930A}.Release|Any CPU.ActiveCfg = Release|Any CPU
		{FA2438D7-09F3-4A37-80A4-3CDFE770930A}.Release|Any CPU.Build.0 = Release|Any CPU
		{E4CA1127-E9CD-4FD6-89A9-EE720CA675A5}.Debug|Any CPU.ActiveCfg = Debug|Any CPU
		{E4CA1127-E9CD-4FD6-89A9-EE720CA675A5}.Debug|Any CPU.Build.0 = Debug|Any CPU
		{E4CA1127-E9CD-4FD6-89A9-EE720CA675A5}.Release|Any CPU.ActiveCfg = Release|Any CPU
		{E4CA1127-E9CD-4FD6-89A9-EE720CA675A5}.Release|Any CPU.Build.0 = Release|Any CPU
		{3793B73B-D856-4C36-B088-5480FDDE1397}.Debug|Any CPU.ActiveCfg = Debug|Any CPU
		{3793B73B-D856-4C36-B088-5480FDDE1397}.Debug|Any CPU.Build.0 = Debug|Any CPU
		{3793B73B-D856-4C36-B088-5480FDDE1397}.Release|Any CPU.ActiveCfg = Release|Any CPU
		{3793B73B-D856-4C36-B088-5480FDDE1397}.Release|Any CPU.Build.0 = Release|Any CPU
		{CCD5CD77-A6F0-4ABE-9B83-08F76B6BA654}.Debug|Any CPU.ActiveCfg = Debug|Any CPU
		{CCD5CD77-A6F0-4ABE-9B83-08F76B6BA654}.Debug|Any CPU.Build.0 = Debug|Any CPU
		{CCD5CD77-A6F0-4ABE-9B83-08F76B6BA654}.Release|Any CPU.ActiveCfg = Release|Any CPU
		{CCD5CD77-A6F0-4ABE-9B83-08F76B6BA654}.Release|Any CPU.Build.0 = Release|Any CPU
		{BB3CA59F-3184-42F3-A33E-23E402412755}.Debug|Any CPU.ActiveCfg = Debug|Any CPU
		{BB3CA59F-3184-42F3-A33E-23E402412755}.Debug|Any CPU.Build.0 = Debug|Any CPU
		{BB3CA59F-3184-42F3-A33E-23E402412755}.Release|Any CPU.ActiveCfg = Release|Any CPU
		{BB3CA59F-3184-42F3-A33E-23E402412755}.Release|Any CPU.Build.0 = Release|Any CPU
		{B3CF8C2E-2232-4F1F-BDF2-9F069E772915}.Debug|Any CPU.ActiveCfg = Debug|Any CPU
		{B3CF8C2E-2232-4F1F-BDF2-9F069E772915}.Debug|Any CPU.Build.0 = Debug|Any CPU
		{B3CF8C2E-2232-4F1F-BDF2-9F069E772915}.Release|Any CPU.ActiveCfg = Release|Any CPU
		{B3CF8C2E-2232-4F1F-BDF2-9F069E772915}.Release|Any CPU.Build.0 = Release|Any CPU
		{5499632C-E6AD-48B5-88C7-0D22845C8173}.Debug|Any CPU.ActiveCfg = Debug|Any CPU
		{5499632C-E6AD-48B5-88C7-0D22845C8173}.Debug|Any CPU.Build.0 = Debug|Any CPU
		{5499632C-E6AD-48B5-88C7-0D22845C8173}.Release|Any CPU.ActiveCfg = Release|Any CPU
		{5499632C-E6AD-48B5-88C7-0D22845C8173}.Release|Any CPU.Build.0 = Release|Any CPU
		{1E6683CD-1772-4208-BE58-E7CA2670140B}.Debug|Any CPU.ActiveCfg = Debug|Any CPU
		{1E6683CD-1772-4208-BE58-E7CA2670140B}.Debug|Any CPU.Build.0 = Debug|Any CPU
		{1E6683CD-1772-4208-BE58-E7CA2670140B}.Release|Any CPU.ActiveCfg = Release|Any CPU
		{1E6683CD-1772-4208-BE58-E7CA2670140B}.Release|Any CPU.Build.0 = Release|Any CPU
	EndGlobalSection
	GlobalSection(SolutionProperties) = preSolution
		HideSolutionNode = FALSE
	EndGlobalSection
	GlobalSection(NestedProjects) = preSolution
		{D9F73C7A-BBAE-47A5-9CB5-ABE674405806} = {D2D33C85-F5F8-4258-AEFA-511014A8E94A}
		{7D44F9A2-FFBF-489D-9E74-4C7BE66741E0} = {D2D33C85-F5F8-4258-AEFA-511014A8E94A}
		{9576E6D3-980B-4403-ACC7-FB9F92746E23} = {D2D33C85-F5F8-4258-AEFA-511014A8E94A}
		{B4FBFF2E-CF84-498E-A4C9-D2EF0AF70114} = {D2D33C85-F5F8-4258-AEFA-511014A8E94A}
		{73829113-A1F5-42C6-AFF6-CB1A03E92184} = {D2D33C85-F5F8-4258-AEFA-511014A8E94A}
		{BDC964FD-C591-4B26-A20A-E3319C10AEA5} = {D2D33C85-F5F8-4258-AEFA-511014A8E94A}
		{451824AA-CCB7-4064-8189-6202C909DFAD} = {D2D33C85-F5F8-4258-AEFA-511014A8E94A}
		{FA2438D7-09F3-4A37-80A4-3CDFE770930A} = {D2D33C85-F5F8-4258-AEFA-511014A8E94A}
		{E4CA1127-E9CD-4FD6-89A9-EE720CA675A5} = {D2D33C85-F5F8-4258-AEFA-511014A8E94A}
		{3793B73B-D856-4C36-B088-5480FDDE1397} = {D2D33C85-F5F8-4258-AEFA-511014A8E94A}
		{CCD5CD77-A6F0-4ABE-9B83-08F76B6BA654} = {CA9E52BA-B4B3-4736-80F0-075C5087CA01}
		{BB3CA59F-3184-42F3-A33E-23E402412755} = {CA9E52BA-B4B3-4736-80F0-075C5087CA01}
		{B3CF8C2E-2232-4F1F-BDF2-9F069E772915} = {CA9E52BA-B4B3-4736-80F0-075C5087CA01}
		{5499632C-E6AD-48B5-88C7-0D22845C8173} = {96DB71E7-F2BC-4EDB-BF37-5061B9EBD4B3}
		{1E6683CD-1772-4208-BE58-E7CA2670140B} = {D2D33C85-F5F8-4258-AEFA-511014A8E94A}
	EndGlobalSection
	GlobalSection(ExtensibilityGlobals) = postSolution
		SolutionGuid = {BAA982E1-80F5-451A-B0C4-4113E2F6D606}
	EndGlobalSection
EndGlobal
